{
    "_meta": {
        "hash": {
            "sha256": "0d9f290b9d00a9c491025bf85f5c0ef6ba729c5f6f5998eb28977ff29c18facb"
        },
        "pipfile-spec": 6,
        "requires": {
            "python_version": "3.6"
        },
        "sources": [
            {
                "name": "pypi",
                "url": "https://pypi.python.org/simple",
                "verify_ssl": true
            }
        ]
    },
    "default": {
        "toml": {
            "hashes": [
                "sha256:8e86bd6ce8cc11b9620cb637466453d94f5d57ad86f17e98a98d1f73e3baab2d"
            ],
            "index": "pypi",
            "version": "==0.9.4"
        }
    },
    "develop": {}
}
